
Microsoft Visual Studio Solution File, Format Version 12.00
# Visual Studio Version 16
VisualStudioVersion = 16.0.32126.315
MinimumVisualStudioVersion = 10.0.40219.1
Project("{2150E333-8FDC-42A3-9474-1A3956D46DE8}") = "Frontend", "Frontend", "{0E3FC862-BAA3-45EB-B3C7-61CFD8F90116}"
EndProject
Project("{9A19103F-16F7-4668-BE54-9A1E7A4F7556}") = "ShoppingMart.Web", "ShoppingMart.Web\ShoppingMart.Web.csproj", "{451D55F1-8C80-4D59-AE7D-5534CA121D5D}"
EndProject
Project("{2150E333-8FDC-42A3-9474-1A3956D46DE8}") = "Services", "Services", "{122DCE7D-9EAB-4498-86AF-96EDC228F73A}"
EndProject
Project("{9A19103F-16F7-4668-BE54-9A1E7A4F7556}") = "ShoppingMart.Infastructure", "ShoppingMart.Infastructure\ShoppingMart.Infastructure.csproj", "{AC77C686-D24A-4068-B105-2F8EB44BF150}"
EndProject
Project("{9A19103F-16F7-4668-BE54-9A1E7A4F7556}") = "ShoppingMart.Domain", "ShoppingMart.Domain\ShoppingMart.Domain.csproj", "{1030E64B-7EF7-4E9C-B5CB-6EFE34BE82EC}"
EndProject
Project("{FAE04EC0-301F-11D3-BF4B-00C04F79EFBC}") = "ShoppingMart.ProductAPI", "ShoppingMart.ProductAPI\ShoppingMart.ProductAPI.csproj", "{C9211CE2-F6B4-4AC3-A318-8481BFA57C57}"
EndProject
Global
	GlobalSection(SolutionConfigurationPlatforms) = preSolution
		Debug|Any CPU = Debug|Any CPU
		Release|Any CPU = Release|Any CPU
	EndGlobalSection
	GlobalSection(ProjectConfigurationPlatforms) = postSolution
		{451D55F1-8C80-4D59-AE7D-5534CA121D5D}.Debug|Any CPU.ActiveCfg = Debug|Any CPU
		{451D55F1-8C80-4D59-AE7D-5534CA121D5D}.Debug|Any CPU.Build.0 = Debug|Any CPU
		{451D55F1-8C80-4D59-AE7D-5534CA121D5D}.Release|Any CPU.ActiveCfg = Release|Any CPU
		{451D55F1-8C80-4D59-AE7D-5534CA121D5D}.Release|Any CPU.Build.0 = Release|Any CPU
		{AC77C686-D24A-4068-B105-2F8EB44BF150}.Debug|Any CPU.ActiveCfg = Debug|Any CPU
		{AC77C686-D24A-4068-B105-2F8EB44BF150}.Debug|Any CPU.Build.0 = Debug|Any CPU
		{AC77C686-D24A-4068-B105-2F8EB44BF150}.Release|Any CPU.ActiveCfg = Release|Any CPU
		{AC77C686-D24A-4068-B105-2F8EB44BF150}.Release|Any CPU.Build.0 = Release|Any CPU
		{1030E64B-7EF7-4E9C-B5CB-6EFE34BE82EC}.Debug|Any CPU.ActiveCfg = Debug|Any CPU
		{1030E64B-7EF7-4E9C-B5CB-6EFE34BE82EC}.Debug|Any CPU.Build.0 = Debug|Any CPU
		{1030E64B-7EF7-4E9C-B5CB-6EFE34BE82EC}.Release|Any CPU.ActiveCfg = Release|Any CPU
		{1030E64B-7EF7-4E9C-B5CB-6EFE34BE82EC}.Release|Any CPU.Build.0 = Release|Any CPU
		{C9211CE2-F6B4-4AC3-A318-8481BFA57C57}.Debug|Any CPU.ActiveCfg = Debug|Any CPU
		{C9211CE2-F6B4-4AC3-A318-8481BFA57C57}.Debug|Any CPU.Build.0 = Debug|Any CPU
		{C9211CE2-F6B4-4AC3-A318-8481BFA57C57}.Release|Any CPU.ActiveCfg = Release|Any CPU
		{C9211CE2-F6B4-4AC3-A318-8481BFA57C57}.Release|Any CPU.Build.0 = Release|Any CPU
	EndGlobalSection
	GlobalSection(SolutionProperties) = preSolution
		HideSolutionNode = FALSE
	EndGlobalSection
	GlobalSection(NestedProjects) = preSolution
		{451D55F1-8C80-4D59-AE7D-5534CA121D5D} = {0E3FC862-BAA3-45EB-B3C7-61CFD8F90116}
		{AC77C686-D24A-4068-B105-2F8EB44BF150} = {122DCE7D-9EAB-4498-86AF-96EDC228F73A}
		{1030E64B-7EF7-4E9C-B5CB-6EFE34BE82EC} = {122DCE7D-9EAB-4498-86AF-96EDC228F73A}
		{C9211CE2-F6B4-4AC3-A318-8481BFA57C57} = {122DCE7D-9EAB-4498-86AF-96EDC228F73A}
	EndGlobalSection
	GlobalSection(ExtensibilityGlobals) = postSolution
		SolutionGuid = {2CCE09E0-AD4A-4450-AEFC-91A449399386}
	EndGlobalSection
EndGlobal
